// !$*UTF8*$!
{
	archiveVersion = 1;
	classes = {
	};
	objectVersion = 77;
	objects = {

/* Begin PBXBuildFile section */
		C0F9D2392E56DAFF00C5CC3F /* FirebaseAnalytics in Frameworks */ = {isa = PBXBuildFile; productRef = C0F9D2382E56DAFF00C5CC3F /* FirebaseAnalytics */; };
		C0F9D23B2E56DAFF00C5CC3F /* FirebaseAuth in Frameworks */ = {isa = PBXBuildFile; productRef = C0F9D23A2E56DAFF00C5CC3F /* FirebaseAuth */; };
		C0F9D2472E56E7F700C5CC3F /* GoogleSignIn in Frameworks */ = {isa = PBXBuildFile; productRef = C0F9D2462E56E7F700C5CC3F /* GoogleSignIn */; };
/* End PBXBuildFile section */

/* Begin PBXContainerItemProxy section */
		C08774472E5279B300E1310F /* PBXContainerItemProxy */ = {
			isa = PBXContainerItemProxy;
			containerPortal = C08774282E5279B200E1310F /* Project object */;
			proxyType = 1;
			remoteGlobalIDString = C087742F2E5279B200E1310F;
			remoteInfo = EpicSavings;
		};
		C08774512E5279B300E1310F /* PBXContainerItemProxy */ = {
			isa = PBXContainerItemProxy;
			containerPortal = C08774282E5279B200E1310F /* Project object */;
			proxyType = 1;
			remoteGlobalIDString = C087742F2E5279B200E1310F;
			remoteInfo = EpicSavings;
		};
/* End PBXContainerItemProxy section */

/* Begin PBXFileReference section */
		C08774302E5279B200E1310F /* EpicSavings.app */ = {isa = PBXFileReference; explicitFileType = wrapper.application; includeInIndex = 0; path = EpicSavings.app; sourceTree = BUILT_PRODUCTS_DIR; };
		C08774462E5279B300E1310F /* EpicSavingsTests.xctest */ = {isa = PBXFileReference; explicitFileType = wrapper.cfbundle; includeInIndex = 0; path = EpicSavingsTests.xctest; sourceTree = BUILT_PRODUCTS_DIR; };
		C08774502E5279B300E1310F /* EpicSavingsUITests.xctest */ = {isa = PBXFileReference; explicitFileType = wrapper.cfbundle; includeInIndex = 0; path = EpicSavingsUITests.xctest; sourceTree = BUILT_PRODUCTS_DIR; };
/* End PBXFileReference section */

/* Begin PBXFileSystemSynchronizedBuildFileExceptionSet section */
		C08774582E5279B300E1310F /* Exceptions for "EpicSavings" folder in "EpicSavings" target */ = {
			isa = PBXFileSystemSynchronizedBuildFileExceptionSet;
			membershipExceptions = (
				Info.plist,
			);
			target = C087742F2E5279B200E1310F /* EpicSavings */;
		};
/* End PBXFileSystemSynchronizedBuildFileExceptionSet section */

/* Begin PBXFileSystemSynchronizedRootGroup section */
		C08774322E5279B200E1310F /* EpicSavings */ = {
			isa = PBXFileSystemSynchronizedRootGroup;
			exceptions = (
				C08774582E5279B300E1310F /* Exceptions for "EpicSavings" folder in "EpicSavings" target */,
			);
			path = EpicSavings;
			sourceTree = "<group>";
		};
		C08774492E5279B300E1310F /* EpicSavingsTests */ = {
			isa = PBXFileSystemSynchronizedRootGroup;
			path = EpicSavingsTests;
			sourceTree = "<group>";
		};
		C08774532E5279B300E1310F /* EpicSavingsUITests */ = {
			isa = PBXFileSystemSynchronizedRootGroup;
			path = EpicSavingsUITests;
			sourceTree = "<group>";
		};
/* End PBXFileSystemSynchronizedRootGroup section */

/* Begin PBXFrameworksBuildPhase section */
		C087742D2E5279B200E1310F /* Frameworks */ = {
			isa = PBXFrameworksBuildPhase;
			buildActionMask = 2147483647;
			files = (
				C0F9D2392E56DAFF00C5CC3F /* FirebaseAnalytics in Frameworks */,
				C0F9D23B2E56DAFF00C5CC3F /* FirebaseAuth in Frameworks */,
				C0F9D2472E56E7F700C5CC3F /* GoogleSignIn in Frameworks */,
			);
			runOnlyForDeploymentPostprocessing = 0;
		};
		C08774432E5279B300E1310F /* Frameworks */ = {
			isa = PBXFrameworksBuildPhase;
			buildActionMask = 2147483647;
			files = (
			);
			runOnlyForDeploymentPostprocessing = 0;
		};
		C087744D2E5279B300E1310F /* Frameworks */ = {
			isa = PBXFrameworksBuildPhase;
			buildActionMask = 2147483647;
			files = (
			);
			runOnlyForDeploymentPostprocessing = 0;
		};
/* End PBXFrameworksBuildPhase section */

/* Begin PBXGroup section */
		C08774272E5279B200E1310F = {
			isa = PBXGroup;
			children = (
				C08774322E5279B200E1310F /* EpicSavings */,
				C08774492E5279B300E1310F /* EpicSavingsTests */,
				C08774532E5279B300E1310F /* EpicSavingsUITests */,
				C08774312E5279B200E1310F /* Products */,
			);
			sourceTree = "<group>";
		};
		C08774312E5279B200E1310F /* Products */ = {
			isa = PBXGroup;
			children = (
				C08774302E5279B200E1310F /* EpicSavings.app */,
				C08774462E5279B300E1310F /* EpicSavingsTests.xctest */,
				C08774502E5279B300E1310F /* EpicSavingsUITests.xctest */,
			);
			name = Products;
			sourceTree = "<group>";
		};
/* End PBXGroup section */

/* Begin PBXNativeTarget section */
		C087742F2E5279B200E1310F /* EpicSavings */ = {
			isa = PBXNativeTarget;
			buildConfigurationList = C08774592E5279B300E1310F /* Build configuration list for PBXNativeTarget "EpicSavings" */;
			buildPhases = (
				C087742C2E5279B200E1310F /* Sources */,
				C087742D2E5279B200E1310F /* Frameworks */,
				C087742E2E5279B200E1310F /* Resources */,
			);
			buildRules = (
			);
			dependencies = (
			);
			fileSystemSynchronizedGroups = (
				C08774322E5279B200E1310F /* EpicSavings */,
			);
			name = EpicSavings;
			packageProductDependencies = (
				C0F9D2382E56DAFF00C5CC3F /* FirebaseAnalytics */,
				C0F9D23A2E56DAFF00C5CC3F /* FirebaseAuth */,
				C0F9D2462E56E7F700C5CC3F /* GoogleSignIn */,
			);
			productName = EpicSavings;
			productReference = C08774302E5279B200E1310F /* EpicSavings.app */;
			productType = "com.apple.product-type.application";
		};
		C08774452E5279B300E1310F /* EpicSavingsTests */ = {
			isa = PBXNativeTarget;
			buildConfigurationList = C087745E2E5279B300E1310F /* Build configuration list for PBXNativeTarget "EpicSavingsTests" */;
			buildPhases = (
				C08774422E5279B300E1310F /* Sources */,
				C08774432E5279B300E1310F /* Frameworks */,
				C08774442E5279B300E1310F /* Resources */,
			);
			buildRules = (
			);
			dependencies = (
				C08774482E5279B300E1310F /* PBXTargetDependency */,
			);
			fileSystemSynchronizedGroups = (
				C08774492E5279B300E1310F /* EpicSavingsTests */,
			);
			name = EpicSavingsTests;
			packageProductDependencies = (
			);
			productName = EpicSavingsTests;
			productReference = C08774462E5279B300E1310F /* EpicSavingsTests.xctest */;
			productType = "com.apple.product-type.bundle.unit-test";
		};
		C087744F2E5279B300E1310F /* EpicSavingsUITests */ = {
			isa = PBXNativeTarget;
			buildConfigurationList = C08774612E5279B300E1310F /* Build configuration list for PBXNativeTarget "EpicSavingsUITests" */;
			buildPhases = (
				C087744C2E5279B300E1310F /* Sources */,
				C087744D2E5279B300E1310F /* Frameworks */,
				C087744E2E5279B300E1310F /* Resources */,
			);
			buildRules = (
			);
			dependencies = (
				C08774522E5279B300E1310F /* PBXTargetDependency */,
			);
			fileSystemSynchronizedGroups = (
				C08774532E5279B300E1310F /* EpicSavingsUITests */,
			);
			name = EpicSavingsUITests;
			packageProductDependencies = (
			);
			productName = EpicSavingsUITests;
			productReference = C08774502E5279B300E1310F /* EpicSavingsUITests.xctest */;
			productType = "com.apple.product-type.bundle.ui-testing";
		};
/* End PBXNativeTarget section */

/* Begin PBXProject section */
		C08774282E5279B200E1310F /* Project object */ = {
			isa = PBXProject;
			attributes = {
				BuildIndependentTargetsInParallel = 1;
				LastSwiftUpdateCheck = 1640;
				LastUpgradeCheck = 1640;
				TargetAttributes = {
					C087742F2E5279B200E1310F = {
						CreatedOnToolsVersion = 16.4;
					};
					C08774452E5279B300E1310F = {
						CreatedOnToolsVersion = 16.4;
						TestTargetID = C087742F2E5279B200E1310F;
					};
					C087744F2E5279B300E1310F = {
						CreatedOnToolsVersion = 16.4;
						TestTargetID = C087742F2E5279B200E1310F;
					};
				};
			};
			buildConfigurationList = C087742B2E5279B200E1310F /* Build configuration list for PBXProject "EpicSavings" */;
			developmentRegion = en;
			hasScannedForEncodings = 0;
			knownRegions = (
				en,
				Base,
			);
			mainGroup = C08774272E5279B200E1310F;
			minimizedProjectReferenceProxies = 1;
			packageReferences = (
				C0F9D2372E56DAFF00C5CC3F /* XCRemoteSwiftPackageReference "firebase-ios-sdk" */,
				C0F9D2452E56E7F700C5CC3F /* XCRemoteSwiftPackageReference "GoogleSignIn-iOS" */,
			);
			preferredProjectObjectVersion = 77;
			productRefGroup = C08774312E5279B200E1310F /* Products */;
			projectDirPath = "";
			projectRoot = "";
			targets = (
				C087742F2E5279B200E1310F /* EpicSavings */,
				C08774452E5279B300E1310F /* EpicSavingsTests */,
				C087744F2E5279B300E1310F /* EpicSavingsUITests */,
			);
		};
/* End PBXProject section */

/* Begin PBXResourcesBuildPhase section */
		C087742E2E5279B200E1310F /* Resources */ = {
			isa = PBXResourcesBuildPhase;
			buildActionMask = 2147483647;
			files = (
			);
			runOnlyForDeploymentPostprocessing = 0;
		};
		C08774442E5279B300E1310F /* Resources */ = {
			isa = PBXResourcesBuildPhase;
			buildActionMask = 2147483647;
			files = (
			);
			runOnlyForDeploymentPostprocessing = 0;
		};
		C087744E2E5279B300E1310F /* Resources */ = {
			isa = PBXResourcesBuildPhase;
			buildActionMask = 2147483647;
			files = (
			);
			runOnlyForDeploymentPostprocessing = 0;
		};
/* End PBXResourcesBuildPhase section */

/* Begin PBXSourcesBuildPhase section */
		C087742C2E5279B200E1310F /* Sources */ = {
			isa = PBXSourcesBuildPhase;
			buildActionMask = 2147483647;
			files = (
			);
			runOnlyForDeploymentPostprocessing = 0;
		};
		C08774422E5279B300E1310F /* Sources */ = {
			isa = PBXSourcesBuildPhase;
			buildActionMask = 2147483647;
			files = (
			);
			runOnlyForDeploymentPostprocessing = 0;
		};
		C087744C2E5279B300E1310F /* Sources */ = {
			isa = PBXSourcesBuildPhase;
			buildActionMask = 2147483647;
			files = (
			);
			runOnlyForDeploymentPostprocessing = 0;
		};
/* End PBXSourcesBuildPhase section */

/* Begin PBXTargetDependency section */
		C08774482E5279B300E1310F /* PBXTargetDependency */ = {
			isa = PBXTargetDependency;
			target = C087742F2E5279B200E1310F /* EpicSavings */;
			targetProxy = C08774472E5279B300E1310F /* PBXContainerItemProxy */;
		};
		C08774522E5279B300E1310F /* PBXTargetDependency */ = {
			isa = PBXTargetDependency;
			target = C087742F2E5279B200E1310F /* EpicSavings */;
			targetProxy = C08774512E5279B300E1310F /* PBXContainerItemProxy */;
		};
/* End PBXTargetDependency section */

/* Begin XCBuildConfiguration section */
		C087745A2E5279B300E1310F /* Debug */ = {
			isa = XCBuildConfiguration;
			buildSettings = {
				ASSETCATALOG_COMPILER_APPICON_NAME = AppIcon;
				ASSETCATALOG_COMPILER_GLOBAL_ACCENT_COLOR_NAME = AccentColor;
				CODE_SIGN_STYLE = Automatic;
				CURRENT_PROJECT_VERSION = 1;
				DEVELOPMENT_TEAM = 4DU76H96MR;
				GENERATE_INFOPLIST_FILE = YES;
				INFOPLIST_FILE = EpicSavings/Info.plist;
				INFOPLIST_KEY_UIApplicationSupportsIndirectInputEvents = YES;
				INFOPLIST_KEY_UILaunchStoryboardName = LaunchScreen;
				INFOPLIST_KEY_UIMainStoryboardFile = "";
				INFOPLIST_KEY_UISupportedInterfaceOrientations_iPad = "UIInterfaceOrientationPortrait UIInterfaceOrientationPortraitUpsideDown UIInterfaceOrientationLandscapeLeft UIInterfaceOrientationLandscapeRight";
				INFOPLIST_KEY_UISupportedInterfaceOrientations_iPhone = "UIInterfaceOrientationPortrait UIInterfaceOrientationLandscapeLeft UIInterfaceOrientationLandscapeRight";
				LD_RUNPATH_SEARCH_PATHS = (
					"$(inherited)",
					"@executable_path/Frameworks",
				);
				MARKETING_VERSION = 1.0;
				PRODUCT_BUNDLE_IDENTIFIER = EpicSavings.EpicSavings;
				PRODUCT_NAME = "$(TARGET_NAME)";
				SWIFT_EMIT_LOC_STRINGS = YES;
				SWIFT_VERSION = 5.0;
				TARGETED_DEVICE_FAMILY = "1,2";
			};
			name = Debug;
		};
		C087745B2E5279B300E1310F /* Release */ = {
			isa = XCBuildConfiguration;
			buildSettings = {
				ASSETCATALOG_COMPILER_APPICON_NAME = AppIcon;
				ASSETCATALOG_COMPILER_GLOBAL_ACCENT_COLOR_NAME = AccentColor;
				CODE_SIGN_STYLE = Automatic;
				CURRENT_PROJECT_VERSION = 1;
				DEVELOPMENT_TEAM = 4DU76H96MR;
				GENERATE_INFOPLIST_FILE = YES;
				INFOPLIST_FILE = EpicSavings/Info.plist;
				INFOPLIST_KEY_UIApplicationSupportsIndirectInputEvents = YES;
				INFOPLIST_KEY_UILaunchStoryboardName = LaunchScreen;
				INFOPLIST_KEY_UIMainStoryboardFile = "";
				INFOPLIST_KEY_UISupportedInterfaceOrientations_iPad = "UIInterfaceOrientationPortrait UIInterfaceOrientationPortraitUpsideDown UIInterfaceOrientationLandscapeLeft UIInterfaceOrientationLandscapeRight";
				INFOPLIST_KEY_UISupportedInterfaceOrientations_iPhone = "UIInterfaceOrientationPortrait UIInterfaceOrientationLandscapeLeft UIInterfaceOrientationLandscapeRight";
				LD_RUNPATH_SEARCH_PATHS = (
					"$(inherited)",
					"@executable_path/Frameworks",
				);
				MARKETING_VERSION = 1.0;
				PRODUCT_BUNDLE_IDENTIFIER = EpicSavings.EpicSavings;
				PRODUCT_NAME = "$(TARGET_NAME)";
				SWIFT_EMIT_LOC_STRINGS = YES;
				SWIFT_VERSION = 5.0;
				TARGETED_DEVICE_FAMILY = "1,2";
			};
			name = Release;
		};
		C087745C2E5279B300E1310F /* Debug */ = {
			isa = XCBuildConfiguration;
			buildSettings = {
				ALWAYS_SEARCH_USER_PATHS = NO;
				ASSETCATALOG_COMPILER_GENERATE_SWIFT_ASSET_SYMBOL_EXTENSIONS = YES;
				CLANG_ANALYZER_NONNULL = YES;
				CLANG_ANALYZER_NUMBER_OBJECT_CONVERSION = YES_AGGRESSIVE;
				CLANG_CXX_LANGUAGE_STANDARD = "gnu++20";
				CLANG_ENABLE_MODULES = YES;
				CLANG_ENABLE_OBJC_ARC = YES;
				CLANG_ENABLE_OBJC_WEAK = YES;
				CLANG_WARN_BLOCK_CAPTURE_AUTORELEASING = YES;
				CLANG_WARN_BOOL_CONVERSION = YES;
				CLANG_WARN_COMMA = YES;
				CLANG_WARN_CONSTANT_CONVERSION = YES;
				CLANG_WARN_DEPRECATED_OBJC_IMPLEMENTATIONS = YES;
				CLANG_WARN_DIRECT_OBJC_ISA_USAGE = YES_ERROR;
				CLANG_WARN_DOCUMENTATION_COMMENTS = YES;
				CLANG_WARN_EMPTY_BODY = YES;
				CLANG_WARN_ENUM_CONVERSION = YES;
				CLANG_WARN_INFINITE_RECURSION = YES;
				CLANG_WARN_INT_CONVERSION = YES;
				CLANG_WARN_NON_LITERAL_NULL_CONVERSION = YES;
				CLANG_WARN_OBJC_IMPLICIT_RETAIN_SELF = YES;
				CLANG_WARN_OBJC_LITERAL_CONVERSION = YES;
				CLANG_WARN_OBJC_ROOT_CLASS = YES_ERROR;
				CLANG_WARN_QUOTED_INCLUDE_IN_FRAMEWORK_HEADER = YES;
				CLANG_WARN_RANGE_LOOP_ANALYSIS = YES;
				CLANG_WARN_STRICT_PROTOTYPES = YES;
				CLANG_WARN_SUSPICIOUS_MOVE = YES;
				CLANG_WARN_UNGUARDED_AVAILABILITY = YES_AGGRESSIVE;
				CLANG_WARN_UNREACHABLE_CODE = YES;
				CLANG_WARN__DUPLICATE_METHOD_MATCH = YES;
				COPY_PHASE_STRIP = NO;
				DEBUG_INFORMATION_FORMAT = dwarf;
				DEVELOPMENT_TEAM = 4DU76H96MR;
				ENABLE_STRICT_OBJC_MSGSEND = YES;
				ENABLE_TESTABILITY = YES;
				ENABLE_USER_SCRIPT_SANDBOXING = YES;
				GCC_C_LANGUAGE_STANDARD = gnu17;
				GCC_DYNAMIC_NO_PIC = NO;
				GCC_NO_COMMON_BLOCKS = YES;
				GCC_OPTIMIZATION_LEVEL = 0;
				GCC_PREPROCESSOR_DEFINITIONS = (
					"DEBUG=1",
					"$(inherited)",
				);
				GCC_WARN_64_TO_32_BIT_CONVERSION = YES;
				GCC_WARN_ABOUT_RETURN_TYPE = YES_ERROR;
				GCC_WARN_UNDECLARED_SELECTOR = YES;
				GCC_WARN_UNINITIALIZED_AUTOS = YES_AGGRESSIVE;
				GCC_WARN_UNUSED_FUNCTION = YES;
				GCC_WARN_UNUSED_VARIABLE = YES;
				IPHONEOS_DEPLOYMENT_TARGET = 18.5;
				LOCALIZATION_PREFERS_STRING_CATALOGS = YES;
				MTL_ENABLE_DEBUG_INFO = INCLUDE_SOURCE;
				MTL_FAST_MATH = YES;
				ONLY_ACTIVE_ARCH = YES;
				SDKROOT = iphoneos;
				SWIFT_ACTIVE_COMPILATION_CONDITIONS = "DEBUG $(inherited)";
				SWIFT_OPTIMIZATION_LEVEL = "-Onone";
			};
			name = Debug;
		};
		C087745D2E5279B300E1310F /* Release */ = {
			isa = XCBuildConfiguration;
			buildSettings = {
				ALWAYS_SEARCH_USER_PATHS = NO;
				ASSETCATALOG_COMPILER_GENERATE_SWIFT_ASSET_SYMBOL_EXTENSIONS = YES;
				CLANG_ANALYZER_NONNULL = YES;
				CLANG_ANALYZER_NUMBER_OBJECT_CONVERSION = YES_AGGRESSIVE;
				CLANG_CXX_LANGUAGE_STANDARD = "gnu++20";
				CLANG_ENABLE_MODULES = YES;
				CLANG_ENABLE_OBJC_ARC = YES;
				CLANG_ENABLE_OBJC_WEAK = YES;
				CLANG_WARN_BLOCK_CAPTURE_AUTORELEASING = YES;
				CLANG_WARN_BOOL_CONVERSION = YES;
				CLANG_WARN_COMMA = YES;
				CLANG_WARN_CONSTANT_CONVERSION = YES;
				CLANG_WARN_DEPRECATED_OBJC_IMPLEMENTATIONS = YES;
				CLANG_WARN_DIRECT_OBJC_ISA_USAGE = YES_ERROR;
				CLANG_WARN_DOCUMENTATION_COMMENTS = YES;
				CLANG_WARN_EMPTY_BODY = YES;
				CLANG_WARN_ENUM_CONVERSION = YES;
				CLANG_WARN_INFINITE_RECURSION = YES;
				CLANG_WARN_INT_CONVERSION = YES;
				CLANG_WARN_NON_LITERAL_NULL_CONVERSION = YES;
				CLANG_WARN_OBJC_IMPLICIT_RETAIN_SELF = YES;
				CLANG_WARN_OBJC_LITERAL_CONVERSION = YES;
				CLANG_WARN_OBJC_ROOT_CLASS = YES_ERROR;
				CLANG_WARN_QUOTED_INCLUDE_IN_FRAMEWORK_HEADER = YES;
				CLANG_WARN_RANGE_LOOP_ANALYSIS = YES;
				CLANG_WARN_STRICT_PROTOTYPES = YES;
				CLANG_WARN_SUSPICIOUS_MOVE = YES;
				CLANG_WARN_UNGUARDED_AVAILABILITY = YES_AGGRESSIVE;
				CLANG_WARN_UNREACHABLE_CODE = YES;
				CLANG_WARN__DUPLICATE_METHOD_MATCH = YES;
				COPY_PHASE_STRIP = NO;
				DEBUG_INFORMATION_FORMAT = "dwarf-with-dsym";
				DEVELOPMENT_TEAM = 4DU76H96MR;
				ENABLE_NS_ASSERTIONS = NO;
				ENABLE_STRICT_OBJC_MSGSEND = YES;
				ENABLE_USER_SCRIPT_SANDBOXING = YES;
				GCC_C_LANGUAGE_STANDARD = gnu17;
				GCC_NO_COMMON_BLOCKS = YES;
				GCC_WARN_64_TO_32_BIT_CONVERSION = YES;
				GCC_WARN_ABOUT_RETURN_TYPE = YES_ERROR;
				GCC_WARN_UNDECLARED_SELECTOR = YES;
				GCC_WARN_UNINITIALIZED_AUTOS = YES_AGGRESSIVE;
				GCC_WARN_UNUSED_FUNCTION = YES;
				GCC_WARN_UNUSED_VARIABLE = YES;
				IPHONEOS_DEPLOYMENT_TARGET = 18.5;
				LOCALIZATION_PREFERS_STRING_CATALOGS = YES;
				MTL_ENABLE_DEBUG_INFO = NO;
				MTL_FAST_MATH = YES;
				SDKROOT = iphoneos;
				SWIFT_COMPILATION_MODE = wholemodule;
				VALIDATE_PRODUCT = YES;
			};
			name = Release;
		};
		C087745F2E5279B300E1310F /* Debug */ = {
			isa = XCBuildConfiguration;
			buildSettings = {
				BUNDLE_LOADER = "$(TEST_HOST)";
				CODE_SIGN_STYLE = Automatic;
				CURRENT_PROJECT_VERSION = 1;
				DEVELOPMENT_TEAM = 4DU76H96MR;
				GENERATE_INFOPLIST_FILE = YES;
				IPHONEOS_DEPLOYMENT_TARGET = 18.5;
				MARKETING_VERSION = 1.0;
				PRODUCT_BUNDLE_IDENTIFIER = EpicSavings.EpicSavingsTests;
				PRODUCT_NAME = "$(TARGET_NAME)";
				SWIFT_EMIT_LOC_STRINGS = NO;
				SWIFT_VERSION = 5.0;
				TARGETED_DEVICE_FAMILY = "1,2";
				TEST_HOST = "$(BUILT_PRODUCTS_DIR)/EpicSavings.app/$(BUNDLE_EXECUTABLE_FOLDER_PATH)/EpicSavings";
			};
			name = Debug;
		};
		C08774602E5279B300E1310F /* Release */ = {
			isa = XCBuildConfiguration;
			buildSettings = {
				BUNDLE_LOADER = "$(TEST_HOST)";
				CODE_SIGN_STYLE = Automatic;
				CURRENT_PROJECT_VERSION = 1;
				DEVELOPMENT_TEAM = 4DU76H96MR;
				GENERATE_INFOPLIST_FILE = YES;
				IPHONEOS_DEPLOYMENT_TARGET = 18.5;
				MARKETING_VERSION = 1.0;
				PRODUCT_BUNDLE_IDENTIFIER = EpicSavings.EpicSavingsTests;
				PRODUCT_NAME = "$(TARGET_NAME)";
				SWIFT_EMIT_LOC_STRINGS = NO;
				SWIFT_VERSION = 5.0;
				TARGETED_DEVICE_FAMILY = "1,2";
				TEST_HOST = "$(BUILT_PRODUCTS_DIR)/EpicSavings.app/$(BUNDLE_EXECUTABLE_FOLDER_PATH)/EpicSavings";
			};
			name = Release;
		};
		C08774622E5279B300E1310F /* Debug */ = {
			isa = XCBuildConfiguration;
			buildSettings = {
				CODE_SIGN_STYLE = Automatic;
				CURRENT_PROJECT_VERSION = 1;
				DEVELOPMENT_TEAM = 4DU76H96MR;
				GENERATE_INFOPLIST_FILE = YES;
				MARKETING_VERSION = 1.0;
				PRODUCT_BUNDLE_IDENTIFIER = EpicSavings.EpicSavingsUITests;
				PRODUCT_NAME = "$(TARGET_NAME)";
				SWIFT_EMIT_LOC_STRINGS = NO;
				SWIFT_VERSION = 5.0;
				TARGETED_DEVICE_FAMILY = "1,2";
				TEST_TARGET_NAME = EpicSavings;
			};
			name = Debug;
		};
		C08774632E5279B300E1310F /* Release */ = {
			isa = XCBuildConfiguration;
			buildSettings = {
				CODE_SIGN_STYLE = Automatic;
				CURRENT_PROJECT_VERSION = 1;
				DEVELOPMENT_TEAM = 4DU76H96MR;
				GENERATE_INFOPLIST_FILE = YES;
				MARKETING_VERSION = 1.0;
				PRODUCT_BUNDLE_IDENTIFIER = EpicSavings.EpicSavingsUITests;
				PRODUCT_NAME = "$(TARGET_NAME)";
				SWIFT_EMIT_LOC_STRINGS = NO;
				SWIFT_VERSION = 5.0;
				TARGETED_DEVICE_FAMILY = "1,2";
				TEST_TARGET_NAME = EpicSavings;
			};
			name = Release;
		};
/* End XCBuildConfiguration section */

/* Begin XCConfigurationList section */
		C087742B2E5279B200E1310F /* Build configuration list for PBXProject "EpicSavings" */ = {
			isa = XCConfigurationList;
			buildConfigurations = (
				C087745C2E5279B300E1310F /* Debug */,
				C087745D2E5279B300E1310F /* Release */,
			);
			defaultConfigurationIsVisible = 0;
			defaultConfigurationName = Release;
		};
		C08774592E5279B300E1310F /* Build configuration list for PBXNativeTarget "EpicSavings" */ = {
			isa = XCConfigurationList;
			buildConfigurations = (
				C087745A2E5279B300E1310F /* Debug */,
				C087745B2E5279B300E1310F /* Release */,
			);
			defaultConfigurationIsVisible = 0;
			defaultConfigurationName = Release;
		};
		C087745E2E5279B300E1310F /* Build configuration list for PBXNativeTarget "EpicSavingsTests" */ = {
			isa = XCConfigurationList;
			buildConfigurations = (
				C087745F2E5279B300E1310F /* Debug */,
				C08774602E5279B300E1310F /* Release */,
			);
			defaultConfigurationIsVisible = 0;
			defaultConfigurationName = Release;
		};
		C08774612E5279B300E1310F /* Build configuration list for PBXNativeTarget "EpicSavingsUITests" */ = {
			isa = XCConfigurationList;
			buildConfigurations = (
				C08774622E5279B300E1310F /* Debug */,
				C08774632E5279B300E1310F /* Release */,
			);
			defaultConfigurationIsVisible = 0;
			defaultConfigurationName = Release;
		};
/* End XCConfigurationList section */

/* Begin XCRemoteSwiftPackageReference section */
		C0F9D2372E56DAFF00C5CC3F /* XCRemoteSwiftPackageReference "firebase-ios-sdk" */ = {
			isa = XCRemoteSwiftPackageReference;
			repositoryURL = "https://github.com/firebase/firebase-ios-sdk";
			requirement = {
				kind = upToNextMajorVersion;
				minimumVersion = 12.1.0;
			};
		};
		C0F9D2452E56E7F700C5CC3F /* XCRemoteSwiftPackageReference "GoogleSignIn-iOS" */ = {
			isa = XCRemoteSwiftPackageReference;
			repositoryURL = "https://github.com/google/GoogleSignIn-iOS";
			requirement = {
				kind = upToNextMajorVersion;
				minimumVersion = 9.0.0;
			};
		};
/* End XCRemoteSwiftPackageReference section */

/* Begin XCSwiftPackageProductDependency section */
		C0F9D2382E56DAFF00C5CC3F /* FirebaseAnalytics */ = {
			isa = XCSwiftPackageProductDependency;
			package = C0F9D2372E56DAFF00C5CC3F /* XCRemoteSwiftPackageReference "firebase-ios-sdk" */;
			productName = FirebaseAnalytics;
		};
		C0F9D23A2E56DAFF00C5CC3F /* FirebaseAuth */ = {
			isa = XCSwiftPackageProductDependency;
			package = C0F9D2372E56DAFF00C5CC3F /* XCRemoteSwiftPackageReference "firebase-ios-sdk" */;
			productName = FirebaseAuth;
		};
		C0F9D2462E56E7F700C5CC3F /* GoogleSignIn */ = {
			isa = XCSwiftPackageProductDependency;
			package = C0F9D2452E56E7F700C5CC3F /* XCRemoteSwiftPackageReference "GoogleSignIn-iOS" */;
			productName = GoogleSignIn;
		};
/* End XCSwiftPackageProductDependency section */
	};
	rootObject = C08774282E5279B200E1310F /* Project object */;
}
